
Microsoft Visual Studio Solution File, Format Version 12.00
# Visual Studio Version 16
VisualStudioVersion = 16.0.30503.244
MinimumVisualStudioVersion = 10.0.40219.1
Project("{9A19103F-16F7-4668-BE54-9A1E7A4F7556}") = "ChatAPI", "ChatAPI\ChatAPI.csproj", "{EDC48FA8-5B1F-41F6-B804-23043CDF73B6}"
EndProject
Project("{FAE04EC0-301F-11D3-BF4B-00C04F79EFBC}") = "Domain", "Domain\Domain.csproj", "{984063A9-81E0-442E-B351-422227B60141}"
EndProject
Global
	GlobalSection(SolutionConfigurationPlatforms) = preSolution
		Debug|Any CPU = Debug|Any CPU
		Release|Any CPU = Release|Any CPU
	EndGlobalSection
	GlobalSection(ProjectConfigurationPlatforms) = postSolution
		{EDC48FA8-5B1F-41F6-B804-23043CDF73B6}.Debug|Any CPU.ActiveCfg = Debug|Any CPU
		{EDC48FA8-5B1F-41F6-B804-23043CDF73B6}.Debug|Any CPU.Build.0 = Debug|Any CPU
		{EDC48FA8-5B1F-41F6-B804-23043CDF73B6}.Release|Any CPU.ActiveCfg = Release|Any CPU
		{EDC48FA8-5B1F-41F6-B804-23043CDF73B6}.Release|Any CPU.Build.0 = Release|Any CPU
		{984063A9-81E0-442E-B351-422227B60141}.Debug|Any CPU.ActiveCfg = Debug|Any CPU
		{984063A9-81E0-442E-B351-422227B60141}.Debug|Any CPU.Build.0 = Debug|Any CPU
		{984063A9-81E0-442E-B351-422227B60141}.Release|Any CPU.ActiveCfg = Release|Any CPU
		{984063A9-81E0-442E-B351-422227B60141}.Release|Any CPU.Build.0 = Release|Any CPU
	EndGlobalSection
	GlobalSection(SolutionProperties) = preSolution
		HideSolutionNode = FALSE
	EndGlobalSection
	GlobalSection(ExtensibilityGlobals) = postSolution
		SolutionGuid = {27620240-CA6A-4D29-90CF-EF17E0F4FE6B}
	EndGlobalSection
EndGlobal
